
Microsoft Visual Studio Solution File, Format Version 12.00
# Visual Studio Version 17
VisualStudioVersion = 17.5.002.0
MinimumVisualStudioVersion = 10.0.40219.1
Project("{9A19103F-16F7-4668-BE54-9A1E7A4F7556}") = "MvcMovie", "MvcMovie.csproj", "{DA888F5B-AA17-46EA-8DAC-931F4FC9B6EA}"
EndProject
Global
	GlobalSection(SolutionConfigurationPlatforms) = preSolution
		Debug|Any CPU = Debug|Any CPU
		Release|Any CPU = Release|Any CPU
	EndGlobalSection
	GlobalSection(ProjectConfigurationPlatforms) = postSolution
		{DA888F5B-AA17-46EA-8DAC-931F4FC9B6EA}.Debug|Any CPU.ActiveCfg = Debug|Any CPU
		{DA888F5B-AA17-46EA-8DAC-931F4FC9B6EA}.Debug|Any CPU.Build.0 = Debug|Any CPU
		{DA888F5B-AA17-46EA-8DAC-931F4FC9B6EA}.Release|Any CPU.ActiveCfg = Release|Any CPU
		{DA888F5B-AA17-46EA-8DAC-931F4FC9B6EA}.Release|Any CPU.Build.0 = Release|Any CPU
	EndGlobalSection
	GlobalSection(SolutionProperties) = preSolution
		HideSolutionNode = FALSE
	EndGlobalSection
	GlobalSection(ExtensibilityGlobals) = postSolution
		SolutionGuid = {69B50B91-5697-4599-829B-5FB96A85A1B6}
	EndGlobalSection
EndGlobal
