
Microsoft Visual Studio Solution File, Format Version 12.00
# Visual Studio 15
Project("{FAE04EC0-301F-11D3-BF4B-00C04F79EFBC}") = "rest-api", "rest-api\rest-api.csproj", "{841AC17D-BB47-4C3D-8687-4150D77FC42C}"
EndProject
Global
	GlobalSection(SolutionConfigurationPlatforms) = preSolution
		Debug|Any CPU = Debug|Any CPU
		Release|Any CPU = Release|Any CPU
	EndGlobalSection
	GlobalSection(ProjectConfigurationPlatforms) = postSolution
		{841AC17D-BB47-4C3D-8687-4150D77FC42C}.Debug|Any CPU.ActiveCfg = Debug|Any CPU
		{841AC17D-BB47-4C3D-8687-4150D77FC42C}.Debug|Any CPU.Build.0 = Debug|Any CPU
		{841AC17D-BB47-4C3D-8687-4150D77FC42C}.Release|Any CPU.ActiveCfg = Release|Any CPU
		{841AC17D-BB47-4C3D-8687-4150D77FC42C}.Release|Any CPU.Build.0 = Release|Any CPU
	EndGlobalSection
EndGlobal
